
Microsoft Visual Studio Solution File, Format Version 12.00
# Visual Studio 2012
Project("{FAE04EC0-301F-11D3-BF4B-00C04F79EFBC}") = "earchive", "earchive\earchive.csproj", "{916BB841-B4DF-451F-81B5-BF6E07E307E2}"
EndProject
Project("{2150E333-8FDC-42A3-9474-1A3956D46DE8}") = "QSLibs", "QSLibs", "{45532DD8-87FB-42AB-9230-D2F198D91793}"
EndProject
Project("{FAE04EC0-301F-11D3-BF4B-00C04F79EFBC}") = "QSBugReporting", "..\QSProjects\QSBugReporting\QSBugReporting.csproj", "{F8E01CD3-8BDD-403B-8264-0ED24AC3FA21}"
EndProject
Project("{FAE04EC0-301F-11D3-BF4B-00C04F79EFBC}") = "QSProjectsLib", "..\QSProjects\QSProjectsLib\QSProjectsLib.csproj", "{A6C1914F-7732-49F5-BABA-8BBBA521FAAB}"
EndProject
Project("{FAE04EC0-301F-11D3-BF4B-00C04F79EFBC}") = "QSSaaS", "..\QSProjects\QSSaaS\QSSaaS.csproj", "{4B502FE5-D419-4B5C-9276-0A25EF2F508A}"
EndProject
Project("{FAE04EC0-301F-11D3-BF4B-00C04F79EFBC}") = "QSScan", "..\QSProjects\QSScan\QSScan.csproj", "{DB2EEB00-FF15-4AF8-887D-E3261C31B173}"
EndProject
Project("{FAE04EC0-301F-11D3-BF4B-00C04F79EFBC}") = "QSSupportLib", "..\QSProjects\QSSupportLib\QSSupportLib.csproj", "{9DF71899-3CE4-48F4-B3C3-0B21B15037B1}"
EndProject
Project("{FAE04EC0-301F-11D3-BF4B-00C04F79EFBC}") = "QSUpdater", "..\QSProjects\QSUpdater\QSUpdater.csproj", "{6D755374-6EAF-44B6-8C6C-6FE5E5AB3432}"
EndProject
Project("{FAE04EC0-301F-11D3-BF4B-00C04F79EFBC}") = "QSWidgetLib", "..\QSProjects\QSWidgetLib\QSWidgetLib.csproj", "{5A2BB01E-E124-432E-8099-D1343D3897B9}"
EndProject
Global
	GlobalSection(SolutionConfigurationPlatforms) = preSolution
		Debug|x86 = Debug|x86
		Release|x86 = Release|x86
	EndGlobalSection
	GlobalSection(ProjectConfigurationPlatforms) = postSolution
		{4B502FE5-D419-4B5C-9276-0A25EF2F508A}.Debug|x86.ActiveCfg = Debug|x86
		{4B502FE5-D419-4B5C-9276-0A25EF2F508A}.Debug|x86.Build.0 = Debug|x86
		{4B502FE5-D419-4B5C-9276-0A25EF2F508A}.Release|x86.ActiveCfg = Release|x86
		{4B502FE5-D419-4B5C-9276-0A25EF2F508A}.Release|x86.Build.0 = Release|x86
		{5A2BB01E-E124-432E-8099-D1343D3897B9}.Debug|x86.ActiveCfg = Debug|Any CPU
		{5A2BB01E-E124-432E-8099-D1343D3897B9}.Debug|x86.Build.0 = Debug|Any CPU
		{5A2BB01E-E124-432E-8099-D1343D3897B9}.Release|x86.ActiveCfg = Release|Any CPU
		{5A2BB01E-E124-432E-8099-D1343D3897B9}.Release|x86.Build.0 = Release|Any CPU
		{6D755374-6EAF-44B6-8C6C-6FE5E5AB3432}.Debug|x86.ActiveCfg = Debug|x86
		{6D755374-6EAF-44B6-8C6C-6FE5E5AB3432}.Debug|x86.Build.0 = Debug|x86
		{6D755374-6EAF-44B6-8C6C-6FE5E5AB3432}.Release|x86.ActiveCfg = Release|x86
		{6D755374-6EAF-44B6-8C6C-6FE5E5AB3432}.Release|x86.Build.0 = Release|x86
		{916BB841-B4DF-451F-81B5-BF6E07E307E2}.Debug|x86.ActiveCfg = Debug|x86
		{916BB841-B4DF-451F-81B5-BF6E07E307E2}.Debug|x86.Build.0 = Debug|x86
		{916BB841-B4DF-451F-81B5-BF6E07E307E2}.Release|x86.ActiveCfg = Release|x86
		{916BB841-B4DF-451F-81B5-BF6E07E307E2}.Release|x86.Build.0 = Release|x86
		{9DF71899-3CE4-48F4-B3C3-0B21B15037B1}.Debug|x86.ActiveCfg = Debug|Any CPU
		{9DF71899-3CE4-48F4-B3C3-0B21B15037B1}.Debug|x86.Build.0 = Debug|Any CPU
		{9DF71899-3CE4-48F4-B3C3-0B21B15037B1}.Release|x86.ActiveCfg = Release|Any CPU
		{9DF71899-3CE4-48F4-B3C3-0B21B15037B1}.Release|x86.Build.0 = Release|Any CPU
		{A6C1914F-7732-49F5-BABA-8BBBA521FAAB}.Debug|x86.ActiveCfg = Debug|Any CPU
		{A6C1914F-7732-49F5-BABA-8BBBA521FAAB}.Debug|x86.Build.0 = Debug|Any CPU
		{A6C1914F-7732-49F5-BABA-8BBBA521FAAB}.Release|x86.ActiveCfg = Release|Any CPU
		{A6C1914F-7732-49F5-BABA-8BBBA521FAAB}.Release|x86.Build.0 = Release|Any CPU
		{DB2EEB00-FF15-4AF8-887D-E3261C31B173}.Debug|x86.ActiveCfg = Debug|Any CPU
		{DB2EEB00-FF15-4AF8-887D-E3261C31B173}.Debug|x86.Build.0 = Debug|Any CPU
		{DB2EEB00-FF15-4AF8-887D-E3261C31B173}.Release|x86.ActiveCfg = Release|Any CPU
		{DB2EEB00-FF15-4AF8-887D-E3261C31B173}.Release|x86.Build.0 = Release|Any CPU
		{F8E01CD3-8BDD-403B-8264-0ED24AC3FA21}.Debug|x86.ActiveCfg = Debug|x86
		{F8E01CD3-8BDD-403B-8264-0ED24AC3FA21}.Debug|x86.Build.0 = Debug|x86
		{F8E01CD3-8BDD-403B-8264-0ED24AC3FA21}.Release|x86.ActiveCfg = Release|x86
		{F8E01CD3-8BDD-403B-8264-0ED24AC3FA21}.Release|x86.Build.0 = Release|x86
	EndGlobalSection
	GlobalSection(NestedProjects) = preSolution
		{F8E01CD3-8BDD-403B-8264-0ED24AC3FA21} = {45532DD8-87FB-42AB-9230-D2F198D91793}
		{A6C1914F-7732-49F5-BABA-8BBBA521FAAB} = {45532DD8-87FB-42AB-9230-D2F198D91793}
		{4B502FE5-D419-4B5C-9276-0A25EF2F508A} = {45532DD8-87FB-42AB-9230-D2F198D91793}
		{DB2EEB00-FF15-4AF8-887D-E3261C31B173} = {45532DD8-87FB-42AB-9230-D2F198D91793}
		{9DF71899-3CE4-48F4-B3C3-0B21B15037B1} = {45532DD8-87FB-42AB-9230-D2F198D91793}
		{6D755374-6EAF-44B6-8C6C-6FE5E5AB3432} = {45532DD8-87FB-42AB-9230-D2F198D91793}
		{5A2BB01E-E124-432E-8099-D1343D3897B9} = {45532DD8-87FB-42AB-9230-D2F198D91793}
	EndGlobalSection
	GlobalSection(MonoDevelopProperties) = preSolution
		Policies = $0
		$0.DotNetNamingPolicy = $1
		$1.DirectoryNamespaceAssociation = None
		$1.ResourceNamePolicy = FileFormatDefault
		$0.TextStylePolicy = $2
		$2.inheritsSet = null
		$2.scope = text/x-csharp
		$0.CSharpFormattingPolicy = $3
		$3.AfterDelegateDeclarationParameterComma = True
		$3.inheritsSet = Mono
		$3.inheritsScope = text/x-csharp
		$3.scope = text/x-csharp
		$0.TextStylePolicy = $4
		$4.FileWidth = 120
		$4.TabsToSpaces = False
		$4.inheritsSet = VisualStudio
		$4.inheritsScope = text/plain
		$4.scope = text/plain
		$0.StandardHeader = $5
		$5.Text = 
		$5.IncludeInNewFiles = True
		$0.NameConventionPolicy = $6
		$6.Rules = $7
		$7.NamingRule = $8
		$8.Name = Namespaces
		$8.AffectedEntity = Namespace
		$8.VisibilityMask = VisibilityMask
		$8.NamingStyle = PascalCase
		$8.IncludeInstanceMembers = True
		$8.IncludeStaticEntities = True
		$7.NamingRule = $9
		$9.Name = Types
		$9.AffectedEntity = Class, Struct, Enum, Delegate
		$9.VisibilityMask = Public
		$9.NamingStyle = PascalCase
		$9.IncludeInstanceMembers = True
		$9.IncludeStaticEntities = True
		$7.NamingRule = $10
		$10.Name = Interfaces
		$10.RequiredPrefixes = $11
		$11.String = I
		$10.AffectedEntity = Interface
		$10.VisibilityMask = Public
		$10.NamingStyle = PascalCase
		$10.IncludeInstanceMembers = True
		$10.IncludeStaticEntities = True
		$7.NamingRule = $12
		$12.Name = Attributes
		$12.RequiredSuffixes = $13
		$13.String = Attribute
		$12.AffectedEntity = CustomAttributes
		$12.VisibilityMask = Public
		$12.NamingStyle = PascalCase
		$12.IncludeInstanceMembers = True
		$12.IncludeStaticEntities = True
		$7.NamingRule = $14
		$14.Name = Event Arguments
		$14.RequiredSuffixes = $15
		$15.String = EventArgs
		$14.AffectedEntity = CustomEventArgs
		$14.VisibilityMask = Public
		$14.NamingStyle = PascalCase
		$14.IncludeInstanceMembers = True
		$14.IncludeStaticEntities = True
		$7.NamingRule = $16
		$16.Name = Exceptions
		$16.RequiredSuffixes = $17
		$17.String = Exception
		$16.AffectedEntity = CustomExceptions
		$16.VisibilityMask = VisibilityMask
		$16.NamingStyle = PascalCase
		$16.IncludeInstanceMembers = True
		$16.IncludeStaticEntities = True
		$7.NamingRule = $18
		$18.Name = Methods
		$18.AffectedEntity = Methods
		$18.VisibilityMask = Protected, Public
		$18.NamingStyle = PascalCase
		$18.IncludeInstanceMembers = True
		$18.IncludeStaticEntities = True
		$7.NamingRule = $19
		$19.Name = Static Readonly Fields
		$19.AffectedEntity = ReadonlyField
		$19.VisibilityMask = Protected, Public
		$19.NamingStyle = PascalCase
		$19.IncludeInstanceMembers = False
		$19.IncludeStaticEntities = True
		$7.NamingRule = $20
		$20.Name = Fields
		$20.AffectedEntity = Field
		$20.VisibilityMask = Protected, Public
		$20.NamingStyle = PascalCase
		$20.IncludeInstanceMembers = True
		$20.IncludeStaticEntities = True
		$7.NamingRule = $21
		$21.Name = ReadOnly Fields
		$21.AffectedEntity = ReadonlyField
		$21.VisibilityMask = Protected, Public
		$21.NamingStyle = PascalCase
		$21.IncludeInstanceMembers = True
		$21.IncludeStaticEntities = False
		$7.NamingRule = $22
		$22.Name = Constant Fields
		$22.AffectedEntity = ConstantField
		$22.VisibilityMask = Protected, Public
		$22.NamingStyle = PascalCase
		$22.IncludeInstanceMembers = True
		$22.IncludeStaticEntities = True
		$7.NamingRule = $23
		$23.Name = Properties
		$23.AffectedEntity = Property
		$23.VisibilityMask = Protected, Public
		$23.NamingStyle = PascalCase
		$23.IncludeInstanceMembers = True
		$23.IncludeStaticEntities = True
		$7.NamingRule = $24
		$24.Name = Events
		$24.AffectedEntity = Event
		$24.VisibilityMask = Protected, Public
		$24.NamingStyle = PascalCase
		$24.IncludeInstanceMembers = True
		$24.IncludeStaticEntities = True
		$7.NamingRule = $25
		$25.Name = Enum Members
		$25.AffectedEntity = EnumMember
		$25.VisibilityMask = VisibilityMask
		$25.NamingStyle = PascalCase
		$25.IncludeInstanceMembers = True
		$25.IncludeStaticEntities = True
		$7.NamingRule = $26
		$26.Name = Parameters
		$26.AffectedEntity = Parameter
		$26.VisibilityMask = VisibilityMask
		$26.NamingStyle = CamelCase
		$26.IncludeInstanceMembers = True
		$26.IncludeStaticEntities = True
		$7.NamingRule = $27
		$27.Name = Type Parameters
		$27.RequiredPrefixes = $28
		$28.String = T
		$27.AffectedEntity = TypeParameter
		$27.VisibilityMask = VisibilityMask
		$27.NamingStyle = PascalCase
		$27.IncludeInstanceMembers = True
		$27.IncludeStaticEntities = True
		$0.VersionControlPolicy = $29
		$29.inheritsSet = Mono
		version = 5.1.2
	EndGlobalSection
EndGlobal
