
Microsoft Visual Studio Solution File, Format Version 12.00
# Visual Studio Version 17
VisualStudioVersion = 17.5.33530.505
MinimumVisualStudioVersion = 10.0.40219.1
Project("{FAE04EC0-301F-11D3-BF4B-00C04F79EFBC}") = "earchive", "earchive\earchive.csproj", "{916BB841-B4DF-451F-81B5-BF6E07E307E2}"
EndProject
Project("{2150E333-8FDC-42A3-9474-1A3956D46DE8}") = "QSLibs", "QSLibs", "{45532DD8-87FB-42AB-9230-D2F198D91793}"
EndProject
Project("{FAE04EC0-301F-11D3-BF4B-00C04F79EFBC}") = "QSProjectsLib", "..\QSProjects\QSProjectsLib\QSProjectsLib.csproj", "{A6C1914F-7732-49F5-BABA-8BBBA521FAAB}"
EndProject
Project("{FAE04EC0-301F-11D3-BF4B-00C04F79EFBC}") = "QSSaaS", "..\QSProjects\QSSaaS\QSSaaS.csproj", "{4B502FE5-D419-4B5C-9276-0A25EF2F508A}"
EndProject
Project("{FAE04EC0-301F-11D3-BF4B-00C04F79EFBC}") = "QSScan", "..\QSProjects\QSScan\QSScan.csproj", "{DB2EEB00-FF15-4AF8-887D-E3261C31B173}"
EndProject
Project("{FAE04EC0-301F-11D3-BF4B-00C04F79EFBC}") = "QSWidgetLib", "..\QSProjects\QSWidgetLib\QSWidgetLib.csproj", "{5A2BB01E-E124-432E-8099-D1343D3897B9}"
EndProject
Project("{2150E333-8FDC-42A3-9474-1A3956D46DE8}") = "External", "External", "{12A819D6-4C45-4CD7-98AC-C2F364956DBB}"
EndProject
Project("{2150E333-8FDC-42A3-9474-1A3956D46DE8}") = "Gamma", "Gamma", "{304FCCF3-64C4-40FF-9B17-66D0B0212DC8}"
EndProject
Project("{2150E333-8FDC-42A3-9474-1A3956D46DE8}") = "DataBinding", "DataBinding", "{F9D7B7C2-7ACA-4421-8818-30AC9ADFDCD1}"
EndProject
Project("{9A19103F-16F7-4668-BE54-9A1E7A4F7556}") = "System.Data.Bindings", "..\Gtk.DataBindings\System.Data.Bindings\System.Data.Bindings.csproj", "{54F958F5-7E58-4C89-9A04-8835E63B97C3}"
EndProject
Project("{FAE04EC0-301F-11D3-BF4B-00C04F79EFBC}") = "QS.Updater", "..\QSProjects\QS.Updater\QS.Updater.csproj", "{0F2A9FD4-6FC1-4912-9C8A-72028305A37E}"
EndProject
Project("{FAE04EC0-301F-11D3-BF4B-00C04F79EFBC}") = "QS.Updater.Gtk", "..\QSProjects\QS.Updater.Gtk\QS.Updater.Gtk.csproj", "{6D755374-6EAF-44B6-8C6C-6FE5E5AB3432}"
EndProject
Project("{9A19103F-16F7-4668-BE54-9A1E7A4F7556}") = "QS.Utilities", "..\QSProjects\QS.Utilities\QS.Utilities.csproj", "{E2228A2B-4883-4DD8-8A05-23501F7B8A33}"
EndProject
Project("{FAE04EC0-301F-11D3-BF4B-00C04F79EFBC}") = "QS.Project.Gtk", "..\QSProjects\QS.Project.Gtk\QS.Project.Gtk.csproj", "{3C0F3944-CBD5-4BD6-83D4-CF33AD6FC68C}"
EndProject
Project("{FAE04EC0-301F-11D3-BF4B-00C04F79EFBC}") = "QS.Project", "..\QSProjects\QS.Project\QS.Project.csproj", "{28A78143-42E3-40E7-86F5-DD7E1679BE86}"
EndProject
Project("{FAE04EC0-301F-11D3-BF4B-00C04F79EFBC}") = "QS.MachineConfig", "..\QSProjects\QS.MachineConfig\QS.MachineConfig.csproj", "{769710D2-BF98-4120-9E07-67BD740CFA1D}"
EndProject
Project("{9A19103F-16F7-4668-BE54-9A1E7A4F7556}") = "QS.Project.Core", "..\QSProjects\QS.Project.Core\QS.Project.Core.csproj", "{C01AE5A4-3CFF-4C7B-884D-45B07ACDE761}"
EndProject
Project("{9A19103F-16F7-4668-BE54-9A1E7A4F7556}") = "QS.Updater.Core", "..\QSProjects\QS.Updater.Core\QS.Updater.Core.csproj", "{BC159BA7-EF22-4800-AC34-DE4B2B386AAE}"
EndProject
Project("{9A19103F-16F7-4668-BE54-9A1E7A4F7556}") = "QS.Project.Desktop", "..\QSProjects\QS.Project.Desktop\QS.Project.Desktop.csproj", "{5EF2A7DA-3886-4809-95DF-880BD783A211}"
EndProject
Project("{FAE04EC0-301F-11D3-BF4B-00C04F79EFBC}") = "Gamma.Binding", "..\QSProjects\Binding\Gamma.Binding\Gamma.Binding.csproj", "{190CEA0D-EA23-4C91-8030-203A5AFED7B7}"
EndProject
Project("{9A19103F-16F7-4668-BE54-9A1E7A4F7556}") = "Gamma.Utilities", "..\QSProjects\Binding\Gamma.Utilities\Gamma.Utilities.csproj", "{1BF2A638-420D-456C-96A7-36873A0FB894}"
EndProject
Project("{9A19103F-16F7-4668-BE54-9A1E7A4F7556}") = "QS.BaseParameters", "..\QSProjects\QS.BaseParameters\QS.BaseParameters.csproj", "{A869EC36-67D2-4A36-95E9-0B1E7350928F}"
EndProject
Project("{9A19103F-16F7-4668-BE54-9A1E7A4F7556}") = "QS.ErrorReporting.Client", "..\QSProjects\QS.ErrorReporting.Client\QS.ErrorReporting.Client.csproj", "{BABA2CB7-6EFE-4B1B-9324-74CBCBACF257}"
EndProject
Project("{2150E333-8FDC-42A3-9474-1A3956D46DE8}") = "Services", "Services", "{1EF7B57F-3328-47CA-93DF-F7693BAD1089}"
EndProject
Project("{9A19103F-16F7-4668-BE54-9A1E7A4F7556}") = "UpdGrpcClientService", "Services\UpdGrpcClientService\UpdGrpcClientService.csproj", "{9C3C44AD-4F6A-4EC8-A501-DD4539B8D172}"
EndProject
Project("{FAE04EC0-301F-11D3-BF4B-00C04F79EFBC}") = "UpdGrpcClientService.Framework", "Services\UpdGrpcClientService.Framework\UpdGrpcClientService.Framework.csproj", "{328C128A-7CAF-4B0F-8970-E0D2D1978D39}"
EndProject
Global
	GlobalSection(SolutionConfigurationPlatforms) = preSolution
		Debug|Any CPU = Debug|Any CPU
		Debug|x86 = Debug|x86
		Release|Any CPU = Release|Any CPU
		Release|x86 = Release|x86
		ReleaseWin|Any CPU = ReleaseWin|Any CPU
		ReleaseWin|x86 = ReleaseWin|x86
	EndGlobalSection
	GlobalSection(ProjectConfigurationPlatforms) = postSolution
		{916BB841-B4DF-451F-81B5-BF6E07E307E2}.Debug|Any CPU.ActiveCfg = Debug|x86
		{916BB841-B4DF-451F-81B5-BF6E07E307E2}.Debug|Any CPU.Build.0 = Debug|x86
		{916BB841-B4DF-451F-81B5-BF6E07E307E2}.Debug|x86.ActiveCfg = Debug|x86
		{916BB841-B4DF-451F-81B5-BF6E07E307E2}.Debug|x86.Build.0 = Debug|x86
		{916BB841-B4DF-451F-81B5-BF6E07E307E2}.Release|Any CPU.ActiveCfg = Release|x86
		{916BB841-B4DF-451F-81B5-BF6E07E307E2}.Release|x86.ActiveCfg = Release|x86
		{916BB841-B4DF-451F-81B5-BF6E07E307E2}.Release|x86.Build.0 = Release|x86
		{916BB841-B4DF-451F-81B5-BF6E07E307E2}.ReleaseWin|Any CPU.ActiveCfg = ReleaseWin|x86
		{916BB841-B4DF-451F-81B5-BF6E07E307E2}.ReleaseWin|x86.ActiveCfg = ReleaseWin|x86
		{916BB841-B4DF-451F-81B5-BF6E07E307E2}.ReleaseWin|x86.Build.0 = ReleaseWin|x86
		{A6C1914F-7732-49F5-BABA-8BBBA521FAAB}.Debug|Any CPU.ActiveCfg = Debug|Any CPU
		{A6C1914F-7732-49F5-BABA-8BBBA521FAAB}.Debug|Any CPU.Build.0 = Debug|Any CPU
		{A6C1914F-7732-49F5-BABA-8BBBA521FAAB}.Debug|x86.ActiveCfg = Debug|Any CPU
		{A6C1914F-7732-49F5-BABA-8BBBA521FAAB}.Debug|x86.Build.0 = Debug|Any CPU
		{A6C1914F-7732-49F5-BABA-8BBBA521FAAB}.Release|Any CPU.ActiveCfg = Release|Any CPU
		{A6C1914F-7732-49F5-BABA-8BBBA521FAAB}.Release|Any CPU.Build.0 = Release|Any CPU
		{A6C1914F-7732-49F5-BABA-8BBBA521FAAB}.Release|x86.ActiveCfg = Release|Any CPU
		{A6C1914F-7732-49F5-BABA-8BBBA521FAAB}.Release|x86.Build.0 = Release|Any CPU
		{A6C1914F-7732-49F5-BABA-8BBBA521FAAB}.ReleaseWin|Any CPU.ActiveCfg = Release|Any CPU
		{A6C1914F-7732-49F5-BABA-8BBBA521FAAB}.ReleaseWin|Any CPU.Build.0 = Release|Any CPU
		{A6C1914F-7732-49F5-BABA-8BBBA521FAAB}.ReleaseWin|x86.ActiveCfg = Release|Any CPU
		{A6C1914F-7732-49F5-BABA-8BBBA521FAAB}.ReleaseWin|x86.Build.0 = Release|Any CPU
		{4B502FE5-D419-4B5C-9276-0A25EF2F508A}.Debug|Any CPU.ActiveCfg = Debug|x86
		{4B502FE5-D419-4B5C-9276-0A25EF2F508A}.Debug|x86.ActiveCfg = Debug|x86
		{4B502FE5-D419-4B5C-9276-0A25EF2F508A}.Debug|x86.Build.0 = Debug|x86
		{4B502FE5-D419-4B5C-9276-0A25EF2F508A}.Release|Any CPU.ActiveCfg = Release|x86
		{4B502FE5-D419-4B5C-9276-0A25EF2F508A}.Release|x86.ActiveCfg = Release|x86
		{4B502FE5-D419-4B5C-9276-0A25EF2F508A}.Release|x86.Build.0 = Release|x86
		{4B502FE5-D419-4B5C-9276-0A25EF2F508A}.ReleaseWin|Any CPU.ActiveCfg = Release|x86
		{4B502FE5-D419-4B5C-9276-0A25EF2F508A}.ReleaseWin|Any CPU.Build.0 = Release|x86
		{4B502FE5-D419-4B5C-9276-0A25EF2F508A}.ReleaseWin|x86.ActiveCfg = Release|x86
		{4B502FE5-D419-4B5C-9276-0A25EF2F508A}.ReleaseWin|x86.Build.0 = Release|x86
		{DB2EEB00-FF15-4AF8-887D-E3261C31B173}.Debug|Any CPU.ActiveCfg = Debug|Any CPU
		{DB2EEB00-FF15-4AF8-887D-E3261C31B173}.Debug|Any CPU.Build.0 = Debug|Any CPU
		{DB2EEB00-FF15-4AF8-887D-E3261C31B173}.Debug|x86.ActiveCfg = Debug|Any CPU
		{DB2EEB00-FF15-4AF8-887D-E3261C31B173}.Debug|x86.Build.0 = Debug|Any CPU
		{DB2EEB00-FF15-4AF8-887D-E3261C31B173}.Release|Any CPU.ActiveCfg = Release|Any CPU
		{DB2EEB00-FF15-4AF8-887D-E3261C31B173}.Release|Any CPU.Build.0 = Release|Any CPU
		{DB2EEB00-FF15-4AF8-887D-E3261C31B173}.Release|x86.ActiveCfg = Release|Any CPU
		{DB2EEB00-FF15-4AF8-887D-E3261C31B173}.Release|x86.Build.0 = Release|Any CPU
		{DB2EEB00-FF15-4AF8-887D-E3261C31B173}.ReleaseWin|Any CPU.ActiveCfg = Release|Any CPU
		{DB2EEB00-FF15-4AF8-887D-E3261C31B173}.ReleaseWin|Any CPU.Build.0 = Release|Any CPU
		{DB2EEB00-FF15-4AF8-887D-E3261C31B173}.ReleaseWin|x86.ActiveCfg = Release|Any CPU
		{DB2EEB00-FF15-4AF8-887D-E3261C31B173}.ReleaseWin|x86.Build.0 = Release|Any CPU
		{5A2BB01E-E124-432E-8099-D1343D3897B9}.Debug|Any CPU.ActiveCfg = Debug|Any CPU
		{5A2BB01E-E124-432E-8099-D1343D3897B9}.Debug|Any CPU.Build.0 = Debug|Any CPU
		{5A2BB01E-E124-432E-8099-D1343D3897B9}.Debug|x86.ActiveCfg = Debug|Any CPU
		{5A2BB01E-E124-432E-8099-D1343D3897B9}.Debug|x86.Build.0 = Debug|Any CPU
		{5A2BB01E-E124-432E-8099-D1343D3897B9}.Release|Any CPU.ActiveCfg = Release|Any CPU
		{5A2BB01E-E124-432E-8099-D1343D3897B9}.Release|Any CPU.Build.0 = Release|Any CPU
		{5A2BB01E-E124-432E-8099-D1343D3897B9}.Release|x86.ActiveCfg = Release|Any CPU
		{5A2BB01E-E124-432E-8099-D1343D3897B9}.Release|x86.Build.0 = Release|Any CPU
		{5A2BB01E-E124-432E-8099-D1343D3897B9}.ReleaseWin|Any CPU.ActiveCfg = Release|Any CPU
		{5A2BB01E-E124-432E-8099-D1343D3897B9}.ReleaseWin|Any CPU.Build.0 = Release|Any CPU
		{5A2BB01E-E124-432E-8099-D1343D3897B9}.ReleaseWin|x86.ActiveCfg = Release|Any CPU
		{5A2BB01E-E124-432E-8099-D1343D3897B9}.ReleaseWin|x86.Build.0 = Release|Any CPU
		{54F958F5-7E58-4C89-9A04-8835E63B97C3}.Debug|Any CPU.ActiveCfg = Debug|Any CPU
		{54F958F5-7E58-4C89-9A04-8835E63B97C3}.Debug|Any CPU.Build.0 = Debug|Any CPU
		{54F958F5-7E58-4C89-9A04-8835E63B97C3}.Debug|x86.ActiveCfg = Debug|Any CPU
		{54F958F5-7E58-4C89-9A04-8835E63B97C3}.Debug|x86.Build.0 = Debug|Any CPU
		{54F958F5-7E58-4C89-9A04-8835E63B97C3}.Release|Any CPU.ActiveCfg = Release|Any CPU
		{54F958F5-7E58-4C89-9A04-8835E63B97C3}.Release|Any CPU.Build.0 = Release|Any CPU
		{54F958F5-7E58-4C89-9A04-8835E63B97C3}.Release|x86.ActiveCfg = Release|Any CPU
		{54F958F5-7E58-4C89-9A04-8835E63B97C3}.Release|x86.Build.0 = Release|Any CPU
		{54F958F5-7E58-4C89-9A04-8835E63B97C3}.ReleaseWin|Any CPU.ActiveCfg = Release|Any CPU
		{54F958F5-7E58-4C89-9A04-8835E63B97C3}.ReleaseWin|Any CPU.Build.0 = Release|Any CPU
		{54F958F5-7E58-4C89-9A04-8835E63B97C3}.ReleaseWin|x86.ActiveCfg = Release|Any CPU
		{54F958F5-7E58-4C89-9A04-8835E63B97C3}.ReleaseWin|x86.Build.0 = Release|Any CPU
		{0F2A9FD4-6FC1-4912-9C8A-72028305A37E}.Debug|Any CPU.ActiveCfg = Debug|Any CPU
		{0F2A9FD4-6FC1-4912-9C8A-72028305A37E}.Debug|Any CPU.Build.0 = Debug|Any CPU
		{0F2A9FD4-6FC1-4912-9C8A-72028305A37E}.Debug|x86.ActiveCfg = Debug|Any CPU
		{0F2A9FD4-6FC1-4912-9C8A-72028305A37E}.Debug|x86.Build.0 = Debug|Any CPU
		{0F2A9FD4-6FC1-4912-9C8A-72028305A37E}.Release|Any CPU.ActiveCfg = Release|Any CPU
		{0F2A9FD4-6FC1-4912-9C8A-72028305A37E}.Release|Any CPU.Build.0 = Release|Any CPU
		{0F2A9FD4-6FC1-4912-9C8A-72028305A37E}.Release|x86.ActiveCfg = Release|Any CPU
		{0F2A9FD4-6FC1-4912-9C8A-72028305A37E}.Release|x86.Build.0 = Release|Any CPU
		{0F2A9FD4-6FC1-4912-9C8A-72028305A37E}.ReleaseWin|Any CPU.ActiveCfg = Release|Any CPU
		{0F2A9FD4-6FC1-4912-9C8A-72028305A37E}.ReleaseWin|Any CPU.Build.0 = Release|Any CPU
		{0F2A9FD4-6FC1-4912-9C8A-72028305A37E}.ReleaseWin|x86.ActiveCfg = Release|Any CPU
		{0F2A9FD4-6FC1-4912-9C8A-72028305A37E}.ReleaseWin|x86.Build.0 = Release|Any CPU
		{6D755374-6EAF-44B6-8C6C-6FE5E5AB3432}.Debug|Any CPU.ActiveCfg = Debug|x86
		{6D755374-6EAF-44B6-8C6C-6FE5E5AB3432}.Debug|x86.ActiveCfg = Debug|x86
		{6D755374-6EAF-44B6-8C6C-6FE5E5AB3432}.Debug|x86.Build.0 = Debug|x86
		{6D755374-6EAF-44B6-8C6C-6FE5E5AB3432}.Release|Any CPU.ActiveCfg = Release|x86
		{6D755374-6EAF-44B6-8C6C-6FE5E5AB3432}.Release|x86.ActiveCfg = Release|x86
		{6D755374-6EAF-44B6-8C6C-6FE5E5AB3432}.Release|x86.Build.0 = Release|x86
		{6D755374-6EAF-44B6-8C6C-6FE5E5AB3432}.ReleaseWin|Any CPU.ActiveCfg = Release|x86
		{6D755374-6EAF-44B6-8C6C-6FE5E5AB3432}.ReleaseWin|Any CPU.Build.0 = Release|x86
		{6D755374-6EAF-44B6-8C6C-6FE5E5AB3432}.ReleaseWin|x86.ActiveCfg = Release|x86
		{6D755374-6EAF-44B6-8C6C-6FE5E5AB3432}.ReleaseWin|x86.Build.0 = Release|x86
		{E2228A2B-4883-4DD8-8A05-23501F7B8A33}.Debug|Any CPU.ActiveCfg = Debug|Any CPU
		{E2228A2B-4883-4DD8-8A05-23501F7B8A33}.Debug|Any CPU.Build.0 = Debug|Any CPU
		{E2228A2B-4883-4DD8-8A05-23501F7B8A33}.Debug|x86.ActiveCfg = Debug|Any CPU
		{E2228A2B-4883-4DD8-8A05-23501F7B8A33}.Debug|x86.Build.0 = Debug|Any CPU
		{E2228A2B-4883-4DD8-8A05-23501F7B8A33}.Release|Any CPU.ActiveCfg = Release|Any CPU
		{E2228A2B-4883-4DD8-8A05-23501F7B8A33}.Release|Any CPU.Build.0 = Release|Any CPU
		{E2228A2B-4883-4DD8-8A05-23501F7B8A33}.Release|x86.ActiveCfg = Release|Any CPU
		{E2228A2B-4883-4DD8-8A05-23501F7B8A33}.Release|x86.Build.0 = Release|Any CPU
		{E2228A2B-4883-4DD8-8A05-23501F7B8A33}.ReleaseWin|Any CPU.ActiveCfg = Release|Any CPU
		{E2228A2B-4883-4DD8-8A05-23501F7B8A33}.ReleaseWin|Any CPU.Build.0 = Release|Any CPU
		{E2228A2B-4883-4DD8-8A05-23501F7B8A33}.ReleaseWin|x86.ActiveCfg = Release|Any CPU
		{E2228A2B-4883-4DD8-8A05-23501F7B8A33}.ReleaseWin|x86.Build.0 = Release|Any CPU
		{3C0F3944-CBD5-4BD6-83D4-CF33AD6FC68C}.Debug|Any CPU.ActiveCfg = Debug|Any CPU
		{3C0F3944-CBD5-4BD6-83D4-CF33AD6FC68C}.Debug|Any CPU.Build.0 = Debug|Any CPU
		{3C0F3944-CBD5-4BD6-83D4-CF33AD6FC68C}.Debug|x86.ActiveCfg = Debug|Any CPU
		{3C0F3944-CBD5-4BD6-83D4-CF33AD6FC68C}.Debug|x86.Build.0 = Debug|Any CPU
		{3C0F3944-CBD5-4BD6-83D4-CF33AD6FC68C}.Release|Any CPU.ActiveCfg = Release|Any CPU
		{3C0F3944-CBD5-4BD6-83D4-CF33AD6FC68C}.Release|Any CPU.Build.0 = Release|Any CPU
		{3C0F3944-CBD5-4BD6-83D4-CF33AD6FC68C}.Release|x86.ActiveCfg = Release|Any CPU
		{3C0F3944-CBD5-4BD6-83D4-CF33AD6FC68C}.Release|x86.Build.0 = Release|Any CPU
		{3C0F3944-CBD5-4BD6-83D4-CF33AD6FC68C}.ReleaseWin|Any CPU.ActiveCfg = Release|Any CPU
		{3C0F3944-CBD5-4BD6-83D4-CF33AD6FC68C}.ReleaseWin|Any CPU.Build.0 = Release|Any CPU
		{3C0F3944-CBD5-4BD6-83D4-CF33AD6FC68C}.ReleaseWin|x86.ActiveCfg = Release|Any CPU
		{3C0F3944-CBD5-4BD6-83D4-CF33AD6FC68C}.ReleaseWin|x86.Build.0 = Release|Any CPU
		{28A78143-42E3-40E7-86F5-DD7E1679BE86}.Debug|Any CPU.ActiveCfg = Debug|Any CPU
		{28A78143-42E3-40E7-86F5-DD7E1679BE86}.Debug|Any CPU.Build.0 = Debug|Any CPU
		{28A78143-42E3-40E7-86F5-DD7E1679BE86}.Debug|x86.ActiveCfg = Debug|Any CPU
		{28A78143-42E3-40E7-86F5-DD7E1679BE86}.Debug|x86.Build.0 = Debug|Any CPU
		{28A78143-42E3-40E7-86F5-DD7E1679BE86}.Release|Any CPU.ActiveCfg = Release|Any CPU
		{28A78143-42E3-40E7-86F5-DD7E1679BE86}.Release|Any CPU.Build.0 = Release|Any CPU
		{28A78143-42E3-40E7-86F5-DD7E1679BE86}.Release|x86.ActiveCfg = Release|Any CPU
		{28A78143-42E3-40E7-86F5-DD7E1679BE86}.Release|x86.Build.0 = Release|Any CPU
		{28A78143-42E3-40E7-86F5-DD7E1679BE86}.ReleaseWin|Any CPU.ActiveCfg = Release|Any CPU
		{28A78143-42E3-40E7-86F5-DD7E1679BE86}.ReleaseWin|Any CPU.Build.0 = Release|Any CPU
		{28A78143-42E3-40E7-86F5-DD7E1679BE86}.ReleaseWin|x86.ActiveCfg = Release|Any CPU
		{28A78143-42E3-40E7-86F5-DD7E1679BE86}.ReleaseWin|x86.Build.0 = Release|Any CPU
		{769710D2-BF98-4120-9E07-67BD740CFA1D}.Debug|Any CPU.ActiveCfg = Debug|Any CPU
		{769710D2-BF98-4120-9E07-67BD740CFA1D}.Debug|Any CPU.Build.0 = Debug|Any CPU
		{769710D2-BF98-4120-9E07-67BD740CFA1D}.Debug|x86.ActiveCfg = Debug|Any CPU
		{769710D2-BF98-4120-9E07-67BD740CFA1D}.Debug|x86.Build.0 = Debug|Any CPU
		{769710D2-BF98-4120-9E07-67BD740CFA1D}.Release|Any CPU.ActiveCfg = Release|Any CPU
		{769710D2-BF98-4120-9E07-67BD740CFA1D}.Release|Any CPU.Build.0 = Release|Any CPU
		{769710D2-BF98-4120-9E07-67BD740CFA1D}.Release|x86.ActiveCfg = Release|Any CPU
		{769710D2-BF98-4120-9E07-67BD740CFA1D}.Release|x86.Build.0 = Release|Any CPU
		{769710D2-BF98-4120-9E07-67BD740CFA1D}.ReleaseWin|Any CPU.ActiveCfg = Release|Any CPU
		{769710D2-BF98-4120-9E07-67BD740CFA1D}.ReleaseWin|Any CPU.Build.0 = Release|Any CPU
		{769710D2-BF98-4120-9E07-67BD740CFA1D}.ReleaseWin|x86.ActiveCfg = Release|Any CPU
		{769710D2-BF98-4120-9E07-67BD740CFA1D}.ReleaseWin|x86.Build.0 = Release|Any CPU
		{C01AE5A4-3CFF-4C7B-884D-45B07ACDE761}.Debug|Any CPU.ActiveCfg = Debug|Any CPU
		{C01AE5A4-3CFF-4C7B-884D-45B07ACDE761}.Debug|Any CPU.Build.0 = Debug|Any CPU
		{C01AE5A4-3CFF-4C7B-884D-45B07ACDE761}.Debug|x86.ActiveCfg = Debug|Any CPU
		{C01AE5A4-3CFF-4C7B-884D-45B07ACDE761}.Debug|x86.Build.0 = Debug|Any CPU
		{C01AE5A4-3CFF-4C7B-884D-45B07ACDE761}.Release|Any CPU.ActiveCfg = Release|Any CPU
		{C01AE5A4-3CFF-4C7B-884D-45B07ACDE761}.Release|Any CPU.Build.0 = Release|Any CPU
		{C01AE5A4-3CFF-4C7B-884D-45B07ACDE761}.Release|x86.ActiveCfg = Release|Any CPU
		{C01AE5A4-3CFF-4C7B-884D-45B07ACDE761}.Release|x86.Build.0 = Release|Any CPU
		{C01AE5A4-3CFF-4C7B-884D-45B07ACDE761}.ReleaseWin|Any CPU.ActiveCfg = Release|Any CPU
		{C01AE5A4-3CFF-4C7B-884D-45B07ACDE761}.ReleaseWin|Any CPU.Build.0 = Release|Any CPU
		{C01AE5A4-3CFF-4C7B-884D-45B07ACDE761}.ReleaseWin|x86.ActiveCfg = Release|Any CPU
		{C01AE5A4-3CFF-4C7B-884D-45B07ACDE761}.ReleaseWin|x86.Build.0 = Release|Any CPU
		{BC159BA7-EF22-4800-AC34-DE4B2B386AAE}.Debug|Any CPU.ActiveCfg = Debug|Any CPU
		{BC159BA7-EF22-4800-AC34-DE4B2B386AAE}.Debug|Any CPU.Build.0 = Debug|Any CPU
		{BC159BA7-EF22-4800-AC34-DE4B2B386AAE}.Debug|x86.ActiveCfg = Debug|Any CPU
		{BC159BA7-EF22-4800-AC34-DE4B2B386AAE}.Debug|x86.Build.0 = Debug|Any CPU
		{BC159BA7-EF22-4800-AC34-DE4B2B386AAE}.Release|Any CPU.ActiveCfg = Release|Any CPU
		{BC159BA7-EF22-4800-AC34-DE4B2B386AAE}.Release|Any CPU.Build.0 = Release|Any CPU
		{BC159BA7-EF22-4800-AC34-DE4B2B386AAE}.Release|x86.ActiveCfg = Release|Any CPU
		{BC159BA7-EF22-4800-AC34-DE4B2B386AAE}.Release|x86.Build.0 = Release|Any CPU
		{BC159BA7-EF22-4800-AC34-DE4B2B386AAE}.ReleaseWin|Any CPU.ActiveCfg = Release|Any CPU
		{BC159BA7-EF22-4800-AC34-DE4B2B386AAE}.ReleaseWin|Any CPU.Build.0 = Release|Any CPU
		{BC159BA7-EF22-4800-AC34-DE4B2B386AAE}.ReleaseWin|x86.ActiveCfg = Release|Any CPU
		{BC159BA7-EF22-4800-AC34-DE4B2B386AAE}.ReleaseWin|x86.Build.0 = Release|Any CPU
		{5EF2A7DA-3886-4809-95DF-880BD783A211}.Debug|Any CPU.ActiveCfg = Debug|Any CPU
		{5EF2A7DA-3886-4809-95DF-880BD783A211}.Debug|Any CPU.Build.0 = Debug|Any CPU
		{5EF2A7DA-3886-4809-95DF-880BD783A211}.Debug|x86.ActiveCfg = Debug|Any CPU
		{5EF2A7DA-3886-4809-95DF-880BD783A211}.Debug|x86.Build.0 = Debug|Any CPU
		{5EF2A7DA-3886-4809-95DF-880BD783A211}.Release|Any CPU.ActiveCfg = Release|Any CPU
		{5EF2A7DA-3886-4809-95DF-880BD783A211}.Release|Any CPU.Build.0 = Release|Any CPU
		{5EF2A7DA-3886-4809-95DF-880BD783A211}.Release|x86.ActiveCfg = Release|Any CPU
		{5EF2A7DA-3886-4809-95DF-880BD783A211}.Release|x86.Build.0 = Release|Any CPU
		{5EF2A7DA-3886-4809-95DF-880BD783A211}.ReleaseWin|Any CPU.ActiveCfg = Release|Any CPU
		{5EF2A7DA-3886-4809-95DF-880BD783A211}.ReleaseWin|Any CPU.Build.0 = Release|Any CPU
		{5EF2A7DA-3886-4809-95DF-880BD783A211}.ReleaseWin|x86.ActiveCfg = Release|Any CPU
		{5EF2A7DA-3886-4809-95DF-880BD783A211}.ReleaseWin|x86.Build.0 = Release|Any CPU
		{190CEA0D-EA23-4C91-8030-203A5AFED7B7}.Debug|Any CPU.ActiveCfg = Debug|Any CPU
		{190CEA0D-EA23-4C91-8030-203A5AFED7B7}.Debug|Any CPU.Build.0 = Debug|Any CPU
		{190CEA0D-EA23-4C91-8030-203A5AFED7B7}.Debug|x86.ActiveCfg = Debug|Any CPU
		{190CEA0D-EA23-4C91-8030-203A5AFED7B7}.Debug|x86.Build.0 = Debug|Any CPU
		{190CEA0D-EA23-4C91-8030-203A5AFED7B7}.Release|Any CPU.ActiveCfg = Release|Any CPU
		{190CEA0D-EA23-4C91-8030-203A5AFED7B7}.Release|Any CPU.Build.0 = Release|Any CPU
		{190CEA0D-EA23-4C91-8030-203A5AFED7B7}.Release|x86.ActiveCfg = Release|Any CPU
		{190CEA0D-EA23-4C91-8030-203A5AFED7B7}.Release|x86.Build.0 = Release|Any CPU
		{190CEA0D-EA23-4C91-8030-203A5AFED7B7}.ReleaseWin|Any CPU.ActiveCfg = Release|Any CPU
		{190CEA0D-EA23-4C91-8030-203A5AFED7B7}.ReleaseWin|Any CPU.Build.0 = Release|Any CPU
		{190CEA0D-EA23-4C91-8030-203A5AFED7B7}.ReleaseWin|x86.ActiveCfg = Release|Any CPU
		{190CEA0D-EA23-4C91-8030-203A5AFED7B7}.ReleaseWin|x86.Build.0 = Release|Any CPU
		{1BF2A638-420D-456C-96A7-36873A0FB894}.Debug|Any CPU.ActiveCfg = Debug|Any CPU
		{1BF2A638-420D-456C-96A7-36873A0FB894}.Debug|Any CPU.Build.0 = Debug|Any CPU
		{1BF2A638-420D-456C-96A7-36873A0FB894}.Debug|x86.ActiveCfg = Debug|Any CPU
		{1BF2A638-420D-456C-96A7-36873A0FB894}.Debug|x86.Build.0 = Debug|Any CPU
		{1BF2A638-420D-456C-96A7-36873A0FB894}.Release|Any CPU.ActiveCfg = Release|Any CPU
		{1BF2A638-420D-456C-96A7-36873A0FB894}.Release|Any CPU.Build.0 = Release|Any CPU
		{1BF2A638-420D-456C-96A7-36873A0FB894}.Release|x86.ActiveCfg = Release|Any CPU
		{1BF2A638-420D-456C-96A7-36873A0FB894}.Release|x86.Build.0 = Release|Any CPU
		{1BF2A638-420D-456C-96A7-36873A0FB894}.ReleaseWin|Any CPU.ActiveCfg = Release|Any CPU
		{1BF2A638-420D-456C-96A7-36873A0FB894}.ReleaseWin|Any CPU.Build.0 = Release|Any CPU
		{1BF2A638-420D-456C-96A7-36873A0FB894}.ReleaseWin|x86.ActiveCfg = Release|Any CPU
		{1BF2A638-420D-456C-96A7-36873A0FB894}.ReleaseWin|x86.Build.0 = Release|Any CPU
		{A869EC36-67D2-4A36-95E9-0B1E7350928F}.Debug|Any CPU.ActiveCfg = Debug|Any CPU
		{A869EC36-67D2-4A36-95E9-0B1E7350928F}.Debug|Any CPU.Build.0 = Debug|Any CPU
		{A869EC36-67D2-4A36-95E9-0B1E7350928F}.Debug|x86.ActiveCfg = Debug|Any CPU
		{A869EC36-67D2-4A36-95E9-0B1E7350928F}.Debug|x86.Build.0 = Debug|Any CPU
		{A869EC36-67D2-4A36-95E9-0B1E7350928F}.Release|Any CPU.ActiveCfg = Release|Any CPU
		{A869EC36-67D2-4A36-95E9-0B1E7350928F}.Release|Any CPU.Build.0 = Release|Any CPU
		{A869EC36-67D2-4A36-95E9-0B1E7350928F}.Release|x86.ActiveCfg = Release|Any CPU
		{A869EC36-67D2-4A36-95E9-0B1E7350928F}.Release|x86.Build.0 = Release|Any CPU
		{A869EC36-67D2-4A36-95E9-0B1E7350928F}.ReleaseWin|Any CPU.ActiveCfg = Release|Any CPU
		{A869EC36-67D2-4A36-95E9-0B1E7350928F}.ReleaseWin|Any CPU.Build.0 = Release|Any CPU
		{A869EC36-67D2-4A36-95E9-0B1E7350928F}.ReleaseWin|x86.ActiveCfg = Release|Any CPU
		{A869EC36-67D2-4A36-95E9-0B1E7350928F}.ReleaseWin|x86.Build.0 = Release|Any CPU
		{BABA2CB7-6EFE-4B1B-9324-74CBCBACF257}.Debug|Any CPU.ActiveCfg = Debug|Any CPU
		{BABA2CB7-6EFE-4B1B-9324-74CBCBACF257}.Debug|Any CPU.Build.0 = Debug|Any CPU
		{BABA2CB7-6EFE-4B1B-9324-74CBCBACF257}.Debug|x86.ActiveCfg = Debug|Any CPU
		{BABA2CB7-6EFE-4B1B-9324-74CBCBACF257}.Debug|x86.Build.0 = Debug|Any CPU
		{BABA2CB7-6EFE-4B1B-9324-74CBCBACF257}.Release|Any CPU.ActiveCfg = Release|Any CPU
		{BABA2CB7-6EFE-4B1B-9324-74CBCBACF257}.Release|Any CPU.Build.0 = Release|Any CPU
		{BABA2CB7-6EFE-4B1B-9324-74CBCBACF257}.Release|x86.ActiveCfg = Release|Any CPU
		{BABA2CB7-6EFE-4B1B-9324-74CBCBACF257}.Release|x86.Build.0 = Release|Any CPU
		{BABA2CB7-6EFE-4B1B-9324-74CBCBACF257}.ReleaseWin|Any CPU.ActiveCfg = Release|Any CPU
		{BABA2CB7-6EFE-4B1B-9324-74CBCBACF257}.ReleaseWin|Any CPU.Build.0 = Release|Any CPU
		{BABA2CB7-6EFE-4B1B-9324-74CBCBACF257}.ReleaseWin|x86.ActiveCfg = Release|Any CPU
		{BABA2CB7-6EFE-4B1B-9324-74CBCBACF257}.ReleaseWin|x86.Build.0 = Release|Any CPU
		{9C3C44AD-4F6A-4EC8-A501-DD4539B8D172}.Debug|Any CPU.ActiveCfg = Debug|Any CPU
		{9C3C44AD-4F6A-4EC8-A501-DD4539B8D172}.Debug|Any CPU.Build.0 = Debug|Any CPU
		{9C3C44AD-4F6A-4EC8-A501-DD4539B8D172}.Debug|x86.ActiveCfg = Debug|Any CPU
		{9C3C44AD-4F6A-4EC8-A501-DD4539B8D172}.Debug|x86.Build.0 = Debug|Any CPU
		{9C3C44AD-4F6A-4EC8-A501-DD4539B8D172}.Release|Any CPU.ActiveCfg = Release|Any CPU
		{9C3C44AD-4F6A-4EC8-A501-DD4539B8D172}.Release|Any CPU.Build.0 = Release|Any CPU
		{9C3C44AD-4F6A-4EC8-A501-DD4539B8D172}.Release|x86.ActiveCfg = Release|Any CPU
		{9C3C44AD-4F6A-4EC8-A501-DD4539B8D172}.Release|x86.Build.0 = Release|Any CPU
		{9C3C44AD-4F6A-4EC8-A501-DD4539B8D172}.ReleaseWin|Any CPU.ActiveCfg = Release|Any CPU
		{9C3C44AD-4F6A-4EC8-A501-DD4539B8D172}.ReleaseWin|Any CPU.Build.0 = Release|Any CPU
		{9C3C44AD-4F6A-4EC8-A501-DD4539B8D172}.ReleaseWin|x86.ActiveCfg = Release|Any CPU
		{9C3C44AD-4F6A-4EC8-A501-DD4539B8D172}.ReleaseWin|x86.Build.0 = Release|Any CPU
		{328C128A-7CAF-4B0F-8970-E0D2D1978D39}.Debug|Any CPU.ActiveCfg = Debug|Any CPU
		{328C128A-7CAF-4B0F-8970-E0D2D1978D39}.Debug|Any CPU.Build.0 = Debug|Any CPU
		{328C128A-7CAF-4B0F-8970-E0D2D1978D39}.Debug|x86.ActiveCfg = Debug|Any CPU
		{328C128A-7CAF-4B0F-8970-E0D2D1978D39}.Debug|x86.Build.0 = Debug|Any CPU
		{328C128A-7CAF-4B0F-8970-E0D2D1978D39}.Release|Any CPU.ActiveCfg = Release|Any CPU
		{328C128A-7CAF-4B0F-8970-E0D2D1978D39}.Release|Any CPU.Build.0 = Release|Any CPU
		{328C128A-7CAF-4B0F-8970-E0D2D1978D39}.Release|x86.ActiveCfg = Release|Any CPU
		{328C128A-7CAF-4B0F-8970-E0D2D1978D39}.Release|x86.Build.0 = Release|Any CPU
		{328C128A-7CAF-4B0F-8970-E0D2D1978D39}.ReleaseWin|Any CPU.ActiveCfg = Release|Any CPU
		{328C128A-7CAF-4B0F-8970-E0D2D1978D39}.ReleaseWin|Any CPU.Build.0 = Release|Any CPU
		{328C128A-7CAF-4B0F-8970-E0D2D1978D39}.ReleaseWin|x86.ActiveCfg = Release|Any CPU
		{328C128A-7CAF-4B0F-8970-E0D2D1978D39}.ReleaseWin|x86.Build.0 = Release|Any CPU
	EndGlobalSection
	GlobalSection(SolutionProperties) = preSolution
		HideSolutionNode = FALSE
	EndGlobalSection
	GlobalSection(NestedProjects) = preSolution
		{A6C1914F-7732-49F5-BABA-8BBBA521FAAB} = {45532DD8-87FB-42AB-9230-D2F198D91793}
		{4B502FE5-D419-4B5C-9276-0A25EF2F508A} = {45532DD8-87FB-42AB-9230-D2F198D91793}
		{DB2EEB00-FF15-4AF8-887D-E3261C31B173} = {45532DD8-87FB-42AB-9230-D2F198D91793}
		{5A2BB01E-E124-432E-8099-D1343D3897B9} = {45532DD8-87FB-42AB-9230-D2F198D91793}
		{304FCCF3-64C4-40FF-9B17-66D0B0212DC8} = {12A819D6-4C45-4CD7-98AC-C2F364956DBB}
		{F9D7B7C2-7ACA-4421-8818-30AC9ADFDCD1} = {12A819D6-4C45-4CD7-98AC-C2F364956DBB}
		{54F958F5-7E58-4C89-9A04-8835E63B97C3} = {F9D7B7C2-7ACA-4421-8818-30AC9ADFDCD1}
		{0F2A9FD4-6FC1-4912-9C8A-72028305A37E} = {45532DD8-87FB-42AB-9230-D2F198D91793}
		{6D755374-6EAF-44B6-8C6C-6FE5E5AB3432} = {45532DD8-87FB-42AB-9230-D2F198D91793}
		{E2228A2B-4883-4DD8-8A05-23501F7B8A33} = {45532DD8-87FB-42AB-9230-D2F198D91793}
		{3C0F3944-CBD5-4BD6-83D4-CF33AD6FC68C} = {45532DD8-87FB-42AB-9230-D2F198D91793}
		{28A78143-42E3-40E7-86F5-DD7E1679BE86} = {45532DD8-87FB-42AB-9230-D2F198D91793}
		{769710D2-BF98-4120-9E07-67BD740CFA1D} = {45532DD8-87FB-42AB-9230-D2F198D91793}
		{C01AE5A4-3CFF-4C7B-884D-45B07ACDE761} = {45532DD8-87FB-42AB-9230-D2F198D91793}
		{BC159BA7-EF22-4800-AC34-DE4B2B386AAE} = {45532DD8-87FB-42AB-9230-D2F198D91793}
		{5EF2A7DA-3886-4809-95DF-880BD783A211} = {45532DD8-87FB-42AB-9230-D2F198D91793}
		{190CEA0D-EA23-4C91-8030-203A5AFED7B7} = {304FCCF3-64C4-40FF-9B17-66D0B0212DC8}
		{1BF2A638-420D-456C-96A7-36873A0FB894} = {304FCCF3-64C4-40FF-9B17-66D0B0212DC8}
		{A869EC36-67D2-4A36-95E9-0B1E7350928F} = {45532DD8-87FB-42AB-9230-D2F198D91793}
		{BABA2CB7-6EFE-4B1B-9324-74CBCBACF257} = {45532DD8-87FB-42AB-9230-D2F198D91793}
		{9C3C44AD-4F6A-4EC8-A501-DD4539B8D172} = {1EF7B57F-3328-47CA-93DF-F7693BAD1089}
		{328C128A-7CAF-4B0F-8970-E0D2D1978D39} = {1EF7B57F-3328-47CA-93DF-F7693BAD1089}
	EndGlobalSection
	GlobalSection(ExtensibilityGlobals) = postSolution
		SolutionGuid = {5F870275-AF97-4852-852D-CA973839D134}
	EndGlobalSection
	GlobalSection(MonoDevelopProperties) = preSolution
		Policies = $0
		$0.DotNetNamingPolicy = $1
		$0.TextStylePolicy = $4
		$2.inheritsSet = null
		$2.scope = text/x-csharp
		$0.CSharpFormattingPolicy = $3
		$3.AfterDelegateDeclarationParameterComma = True
		$3.scope = text/x-csharp
		$3.IndentSwitchSection = False
		$3.NewLinesForBracesInProperties = False
		$3.NewLinesForBracesInAccessors = False
		$3.NewLinesForBracesInAnonymousMethods = False
		$3.NewLinesForBracesInControlBlocks = False
		$3.NewLinesForBracesInAnonymousTypes = False
		$3.NewLinesForBracesInObjectCollectionArrayInitializers = False
		$3.NewLinesForBracesInLambdaExpressionBody = False
		$3.NewLineForElse = False
		$3.NewLineForCatch = False
		$3.NewLineForFinally = False
		$3.NewLineForMembersInObjectInit = False
		$3.NewLineForMembersInAnonymousTypes = False
		$3.NewLineForClausesInQuery = False
		$3.SpacingAfterMethodDeclarationName = True
		$3.SpaceAfterMethodCallName = True
		$3.SpaceBeforeOpenSquareBracket = True
		$4.scope = text/plain
		$0.StandardHeader = $5
		$0.NameConventionPolicy = $6
		$6.Rules = $7
		$7.NamingRule = $27
		$8.Name = Namespaces
		$8.AffectedEntity = Namespace
		$8.VisibilityMask = VisibilityMask
		$8.NamingStyle = PascalCase
		$8.IncludeInstanceMembers = True
		$8.IncludeStaticEntities = True
		$9.Name = Types
		$9.AffectedEntity = Class, Struct, Enum, Delegate
		$9.VisibilityMask = Public
		$9.NamingStyle = PascalCase
		$9.IncludeInstanceMembers = True
		$9.IncludeStaticEntities = True
		$10.Name = Interfaces
		$10.RequiredPrefixes = $11
		$11.String = I
		$10.AffectedEntity = Interface
		$10.VisibilityMask = Public
		$10.NamingStyle = PascalCase
		$10.IncludeInstanceMembers = True
		$10.IncludeStaticEntities = True
		$12.Name = Attributes
		$12.RequiredSuffixes = $13
		$13.String = Attribute
		$12.AffectedEntity = CustomAttributes
		$12.VisibilityMask = Public
		$12.NamingStyle = PascalCase
		$12.IncludeInstanceMembers = True
		$12.IncludeStaticEntities = True
		$14.Name = Event Arguments
		$14.RequiredSuffixes = $15
		$15.String = EventArgs
		$14.AffectedEntity = CustomEventArgs
		$14.VisibilityMask = Public
		$14.NamingStyle = PascalCase
		$14.IncludeInstanceMembers = True
		$14.IncludeStaticEntities = True
		$16.Name = Exceptions
		$16.RequiredSuffixes = $17
		$17.String = Exception
		$16.AffectedEntity = CustomExceptions
		$16.VisibilityMask = VisibilityMask
		$16.NamingStyle = PascalCase
		$16.IncludeInstanceMembers = True
		$16.IncludeStaticEntities = True
		$18.Name = Methods
		$18.AffectedEntity = Methods
		$18.VisibilityMask = Protected, Public
		$18.NamingStyle = PascalCase
		$18.IncludeInstanceMembers = True
		$18.IncludeStaticEntities = True
		$19.Name = Static Readonly Fields
		$19.AffectedEntity = ReadonlyField
		$19.VisibilityMask = Protected, Public
		$19.NamingStyle = PascalCase
		$19.IncludeInstanceMembers = False
		$19.IncludeStaticEntities = True
		$20.Name = Fields
		$20.AffectedEntity = Field
		$20.VisibilityMask = Protected, Public
		$20.NamingStyle = PascalCase
		$20.IncludeInstanceMembers = True
		$20.IncludeStaticEntities = True
		$21.Name = ReadOnly Fields
		$21.AffectedEntity = ReadonlyField
		$21.VisibilityMask = Protected, Public
		$21.NamingStyle = PascalCase
		$21.IncludeInstanceMembers = True
		$21.IncludeStaticEntities = False
		$22.Name = Constant Fields
		$22.AffectedEntity = ConstantField
		$22.VisibilityMask = Protected, Public
		$22.NamingStyle = PascalCase
		$22.IncludeInstanceMembers = True
		$22.IncludeStaticEntities = True
		$23.Name = Properties
		$23.AffectedEntity = Property
		$23.VisibilityMask = Protected, Public
		$23.NamingStyle = PascalCase
		$23.IncludeInstanceMembers = True
		$23.IncludeStaticEntities = True
		$24.Name = Events
		$24.AffectedEntity = Event
		$24.VisibilityMask = Protected, Public
		$24.NamingStyle = PascalCase
		$24.IncludeInstanceMembers = True
		$24.IncludeStaticEntities = True
		$25.Name = Enum Members
		$25.AffectedEntity = EnumMember
		$25.VisibilityMask = VisibilityMask
		$25.NamingStyle = PascalCase
		$25.IncludeInstanceMembers = True
		$25.IncludeStaticEntities = True
		$26.Name = Parameters
		$26.AffectedEntity = Parameter
		$26.VisibilityMask = VisibilityMask
		$26.NamingStyle = CamelCase
		$26.IncludeInstanceMembers = True
		$26.IncludeStaticEntities = True
		$27.Name = Type Parameters
		$27.RequiredPrefixes = $28
		$28.String = T
		$27.AffectedEntity = TypeParameter
		$27.VisibilityMask = VisibilityMask
		$27.NamingStyle = PascalCase
		$27.IncludeInstanceMembers = True
		$27.IncludeStaticEntities = True
		$0.VersionControlPolicy = $29
		version = 5.1.2
	EndGlobalSection
EndGlobal
